{
  "name": "Node",
  "lockfileVersion": 2,
  "requires": true,
  "packages": {
    "": {
      "dependencies": {
        "ip2region": "^2.3.0"
      }
    },
    "node_modules/@types/node": {
      "version": "20.10.3",
      "resolved": "https://registry.npmjs.org/@types/node/-/node-20.10.3.tgz",
      "integrity": "sha512-XJavIpZqiXID5Yxnxv3RUDKTN5b81ddNC3ecsA0SoFXz/QU8OGBwZGMomiq0zw+uuqbL/krztv/DINAQ/EV4gg==",
      "peer": true,
      "dependencies": {
        "undici-types": "~5.26.4"
      }
    },
    "node_modules/ip2region": {
      "version": "2.3.0",
      "resolved": "https://registry.npmjs.org/ip2region/-/ip2region-2.3.0.tgz",
      "integrity": "sha512-zV5Xsadzrx9Ej6heoyhbXMsfGWWQ3C6bAIYStrHhw9kzLpGpVNlnAyRBxxPgxA1GNqr1Ti7oUxcWsMWNN3jZBg==",
      "peerDependencies": {
        "@types/node": "*"
      }
    },
    "node_modules/undici-types": {
      "version": "5.26.5",
      "resolved": "https://registry.npmjs.org/undici-types/-/undici-types-5.26.5.tgz",
      "integrity": "sha512-JlCMO+ehdEIKqlFxk6IfVoAUVmgz7cU7zD/h9XZ0qzeosSHmUJVOzSQvvYSYWXkFXC+IfLKSIffhv0sVZup6pA==",
      "peer": true
    }
  },
  "dependencies": {
    "@types/node": {
      "version": "20.10.3",
      "resolved": "https://registry.npmjs.org/@types/node/-/node-20.10.3.tgz",
      "integrity": "sha512-XJavIpZqiXID5Yxnxv3RUDKTN5b81ddNC3ecsA0SoFXz/QU8OGBwZGMomiq0zw+uuqbL/krztv/DINAQ/EV4gg==",
      "peer": true,
      "requires": {
        "undici-types": "~5.26.4"
      }
    },
    "ip2region": {
      "version": "2.3.0",
      "resolved": "https://registry.npmjs.org/ip2region/-/ip2region-2.3.0.tgz",
      "integrity": "sha512-zV5Xsadzrx9Ej6heoyhbXMsfGWWQ3C6bAIYStrHhw9kzLpGpVNlnAyRBxxPgxA1GNqr1Ti7oUxcWsMWNN3jZBg==",
      "requires": {}
    },
    "undici-types": {
      "version": "5.26.5",
      "resolved": "https://registry.npmjs.org/undici-types/-/undici-types-5.26.5.tgz",
      "integrity": "sha512-JlCMO+ehdEIKqlFxk6IfVoAUVmgz7cU7zD/h9XZ0qzeosSHmUJVOzSQvvYSYWXkFXC+IfLKSIffhv0sVZup6pA==",
      "peer": true
    }
  }
}
